
Microsoft Visual Studio Solution File, Format Version 12.00
# Visual Studio 14
VisualStudioVersion = 14.0.25420.1
MinimumVisualStudioVersion = 10.0.40219.1
Project("{FAE04EC0-301F-11D3-BF4B-00C04F79EFBC}") = "HelloExcelToMySql", "Sample\HelloExcelToMySql\HelloExcelToMySql.csproj", "{445612FB-C180-4610-85CF-6857E7A60F02}"
EndProject
Project("{2150E333-8FDC-42A3-9474-1A3956D46DE8}") = "Src", "Src", "{FC208CF6-B136-4767-B47E-6A923512627C}"
EndProject
Project("{FAE04EC0-301F-11D3-BF4B-00C04F79EFBC}") = "ExcelToMySql", "Src\ExcelToMySql.csproj", "{E827F0F7-DD29-4672-8AA6-4B338AEA134E}"
EndProject
Project("{2150E333-8FDC-42A3-9474-1A3956D46DE8}") = "OETM", "OETM", "{3E7DEC53-9E00-4716-8BE7-1692DB37AF61}"
EndProject
Project("{2150E333-8FDC-42A3-9474-1A3956D46DE8}") = "Sample", "Sample", "{E89B78FB-CAC0-49CC-A694-2AC636609269}"
EndProject
Project("{FAE04EC0-301F-11D3-BF4B-00C04F79EFBC}") = "OfficialETM", "OETM\OfficialETM.csproj", "{4746D248-6F6F-48B0-BC20-ED72C12E1827}"
EndProject
Global
	GlobalSection(SolutionConfigurationPlatforms) = preSolution
		Debug|Any CPU = Debug|Any CPU
		Release|Any CPU = Release|Any CPU
	EndGlobalSection
	GlobalSection(ProjectConfigurationPlatforms) = postSolution
		{445612FB-C180-4610-85CF-6857E7A60F02}.Debug|Any CPU.ActiveCfg = Debug|Any CPU
		{445612FB-C180-4610-85CF-6857E7A60F02}.Debug|Any CPU.Build.0 = Debug|Any CPU
		{445612FB-C180-4610-85CF-6857E7A60F02}.Release|Any CPU.ActiveCfg = Release|Any CPU
		{445612FB-C180-4610-85CF-6857E7A60F02}.Release|Any CPU.Build.0 = Release|Any CPU
		{E827F0F7-DD29-4672-8AA6-4B338AEA134E}.Debug|Any CPU.ActiveCfg = Debug|Any CPU
		{E827F0F7-DD29-4672-8AA6-4B338AEA134E}.Debug|Any CPU.Build.0 = Debug|Any CPU
		{E827F0F7-DD29-4672-8AA6-4B338AEA134E}.Release|Any CPU.ActiveCfg = Release|Any CPU
		{E827F0F7-DD29-4672-8AA6-4B338AEA134E}.Release|Any CPU.Build.0 = Release|Any CPU
		{4746D248-6F6F-48B0-BC20-ED72C12E1827}.Debug|Any CPU.ActiveCfg = Debug|Any CPU
		{4746D248-6F6F-48B0-BC20-ED72C12E1827}.Debug|Any CPU.Build.0 = Debug|Any CPU
		{4746D248-6F6F-48B0-BC20-ED72C12E1827}.Release|Any CPU.ActiveCfg = Release|Any CPU
		{4746D248-6F6F-48B0-BC20-ED72C12E1827}.Release|Any CPU.Build.0 = Release|Any CPU
	EndGlobalSection
	GlobalSection(SolutionProperties) = preSolution
		HideSolutionNode = FALSE
	EndGlobalSection
	GlobalSection(NestedProjects) = preSolution
		{445612FB-C180-4610-85CF-6857E7A60F02} = {E89B78FB-CAC0-49CC-A694-2AC636609269}
		{E827F0F7-DD29-4672-8AA6-4B338AEA134E} = {FC208CF6-B136-4767-B47E-6A923512627C}
		{4746D248-6F6F-48B0-BC20-ED72C12E1827} = {3E7DEC53-9E00-4716-8BE7-1692DB37AF61}
	EndGlobalSection
EndGlobal
